// !$*UTF8*$!
{
	archiveVersion = 1;
	classes = {
	};
	objectVersion = 77;
	objects = {

/* Begin PBXBuildFile section */
		60C74CC72CAAB5DB0035222D /* CoreDataModel.xcdatamodeld in Sources */ = {isa = PBXBuildFile; fileRef = 60C74CC52CAAB5DB0035222D /* CoreDataModel.xcdatamodeld */; };
/* End PBXBuildFile section */

/* Begin PBXContainerItemProxy section */
		60BC91132CAA7777000AEE0C /* PBXContainerItemProxy */ = {
			isa = PBXContainerItemProxy;
			containerPortal = 60BC90F12CAA7776000AEE0C /* Project object */;
			proxyType = 1;
			remoteGlobalIDString = 60BC90F82CAA7776000AEE0C;
			remoteInfo = ChatApp;
		};
		60BC911D2CAA7777000AEE0C /* PBXContainerItemProxy */ = {
			isa = PBXContainerItemProxy;
			containerPortal = 60BC90F12CAA7776000AEE0C /* Project object */;
			proxyType = 1;
			remoteGlobalIDString = 60BC90F82CAA7776000AEE0C;
			remoteInfo = ChatApp;
		};
		60BC91662CAA7DEC000AEE0C /* PBXContainerItemProxy */ = {
			isa = PBXContainerItemProxy;
			containerPortal = 60BC90F12CAA7776000AEE0C /* Project object */;
			proxyType = 1;
			remoteGlobalIDString = 60BC90F82CAA7776000AEE0C;
			remoteInfo = ChatApp;
		};
/* End PBXContainerItemProxy section */

/* Begin PBXFileReference section */
		60BC90F92CAA7776000AEE0C /* ChatApp.app */ = {isa = PBXFileReference; explicitFileType = wrapper.application; includeInIndex = 0; path = ChatApp.app; sourceTree = BUILT_PRODUCTS_DIR; };
		60BC91122CAA7777000AEE0C /* ChatAppTests.xctest */ = {isa = PBXFileReference; explicitFileType = wrapper.cfbundle; includeInIndex = 0; path = ChatAppTests.xctest; sourceTree = BUILT_PRODUCTS_DIR; };
		60BC911C2CAA7777000AEE0C /* ChatAppUITests.xctest */ = {isa = PBXFileReference; explicitFileType = wrapper.cfbundle; includeInIndex = 0; path = ChatAppUITests.xctest; sourceTree = BUILT_PRODUCTS_DIR; };
		60BC91622CAA7DEC000AEE0C /* ChatViewModelTests.xctest */ = {isa = PBXFileReference; explicitFileType = wrapper.cfbundle; includeInIndex = 0; path = ChatViewModelTests.xctest; sourceTree = BUILT_PRODUCTS_DIR; };
		60C74CC62CAAB5DB0035222D /* CoreDataModel.xcdatamodel */ = {isa = PBXFileReference; lastKnownFileType = wrapper.xcdatamodel; path = CoreDataModel.xcdatamodel; sourceTree = "<group>"; };
/* End PBXFileReference section */

/* Begin PBXFileSystemSynchronizedBuildFileExceptionSet section */
		60BC91242CAA7777000AEE0C /* Exceptions for "ChatApp" folder in "ChatApp" target */ = {
			isa = PBXFileSystemSynchronizedBuildFileExceptionSet;
			membershipExceptions = (
				Info.plist,
			);
			target = 60BC90F82CAA7776000AEE0C /* ChatApp */;
		};
		60BC914F2CAA7965000AEE0C /* Exceptions for "Class" folder in "ChatApp" target */ = {
			isa = PBXFileSystemSynchronizedBuildFileExceptionSet;
			membershipExceptions = (
				Cell/IncomingMessageCell.swift,
				Cell/IncomingMessageCell.xib,
				Cell/OutgoingMessageCell.swift,
				Cell/OutgoingMessageCell.xib,
				ChatViewController.swift,
			);
			target = 60BC90F82CAA7776000AEE0C /* ChatApp */;
		};
/* End PBXFileSystemSynchronizedBuildFileExceptionSet section */

/* Begin PBXFileSystemSynchronizedRootGroup section */
		60BC90FB2CAA7776000AEE0C /* ChatApp */ = {
			isa = PBXFileSystemSynchronizedRootGroup;
			exceptions = (
				60BC91242CAA7777000AEE0C /* Exceptions for "ChatApp" folder in "ChatApp" target */,
			);
			path = ChatApp;
			sourceTree = "<group>";
		};
		60BC91332CAA77C8000AEE0C /* Model */ = {
			isa = PBXFileSystemSynchronizedRootGroup;
			path = Model;
			sourceTree = "<group>";
		};
		60BC91442CAA7885000AEE0C /* ViewModel */ = {
			isa = PBXFileSystemSynchronizedRootGroup;
			path = ViewModel;
			sourceTree = "<group>";
		};
		60BC914B2CAA793E000AEE0C /* Class */ = {
			isa = PBXFileSystemSynchronizedRootGroup;
			exceptions = (
				60BC914F2CAA7965000AEE0C /* Exceptions for "Class" folder in "ChatApp" target */,
			);
			path = Class;
			sourceTree = "<group>";
		};
		60BC91592CAA7BA5000AEE0C /* CoreData */ = {
			isa = PBXFileSystemSynchronizedRootGroup;
			path = CoreData;
			sourceTree = "<group>";
		};
/* End PBXFileSystemSynchronizedRootGroup section */

/* Begin PBXFrameworksBuildPhase section */
		60BC90F62CAA7776000AEE0C /* Frameworks */ = {
			isa = PBXFrameworksBuildPhase;
			buildActionMask = 2147483647;
			files = (
			);
			runOnlyForDeploymentPostprocessing = 0;
		};
		60BC910F2CAA7777000AEE0C /* Frameworks */ = {
			isa = PBXFrameworksBuildPhase;
			buildActionMask = 2147483647;
			files = (
			);
			runOnlyForDeploymentPostprocessing = 0;
		};
		60BC91192CAA7777000AEE0C /* Frameworks */ = {
			isa = PBXFrameworksBuildPhase;
			buildActionMask = 2147483647;
			files = (
			);
			runOnlyForDeploymentPostprocessing = 0;
		};
		60BC915F2CAA7DEC000AEE0C /* Frameworks */ = {
			isa = PBXFrameworksBuildPhase;
			buildActionMask = 2147483647;
			files = (
			);
			runOnlyForDeploymentPostprocessing = 0;
		};
/* End PBXFrameworksBuildPhase section */

/* Begin PBXGroup section */
		60BC90F02CAA7776000AEE0C = {
			isa = PBXGroup;
			children = (
				60C74CC52CAAB5DB0035222D /* CoreDataModel.xcdatamodeld */,
				60BC90FB2CAA7776000AEE0C /* ChatApp */,
				60BC914B2CAA793E000AEE0C /* Class */,
				60BC91332CAA77C8000AEE0C /* Model */,
				60BC91442CAA7885000AEE0C /* ViewModel */,
				60BC91592CAA7BA5000AEE0C /* CoreData */,
				60BC90FA2CAA7776000AEE0C /* Products */,
			);
			sourceTree = "<group>";
		};
		60BC90FA2CAA7776000AEE0C /* Products */ = {
			isa = PBXGroup;
			children = (
				60BC90F92CAA7776000AEE0C /* ChatApp.app */,
				60BC91122CAA7777000AEE0C /* ChatAppTests.xctest */,
				60BC911C2CAA7777000AEE0C /* ChatAppUITests.xctest */,
				60BC91622CAA7DEC000AEE0C /* ChatViewModelTests.xctest */,
			);
			name = Products;
			sourceTree = "<group>";
		};
/* End PBXGroup section */

/* Begin PBXNativeTarget section */
		60BC90F82CAA7776000AEE0C /* ChatApp */ = {
			isa = PBXNativeTarget;
			buildConfigurationList = 60BC91252CAA7777000AEE0C /* Build configuration list for PBXNativeTarget "ChatApp" */;
			buildPhases = (
				60BC90F52CAA7776000AEE0C /* Sources */,
				60BC90F62CAA7776000AEE0C /* Frameworks */,
				60BC90F72CAA7776000AEE0C /* Resources */,
			);
			buildRules = (
			);
			dependencies = (
			);
			fileSystemSynchronizedGroups = (
				60BC90FB2CAA7776000AEE0C /* ChatApp */,
				60BC91332CAA77C8000AEE0C /* Model */,
				60BC91442CAA7885000AEE0C /* ViewModel */,
				60BC91592CAA7BA5000AEE0C /* CoreData */,
			);
			name = ChatApp;
			packageProductDependencies = (
			);
			productName = ChatApp;
			productReference = 60BC90F92CAA7776000AEE0C /* ChatApp.app */;
			productType = "com.apple.product-type.application";
		};
		60BC91112CAA7777000AEE0C /* ChatAppTests */ = {
			isa = PBXNativeTarget;
			buildConfigurationList = 60BC912A2CAA7777000AEE0C /* Build configuration list for PBXNativeTarget "ChatAppTests" */;
			buildPhases = (
				60BC910E2CAA7777000AEE0C /* Sources */,
				60BC910F2CAA7777000AEE0C /* Frameworks */,
				60BC91102CAA7777000AEE0C /* Resources */,
			);
			buildRules = (
			);
			dependencies = (
				60BC91142CAA7777000AEE0C /* PBXTargetDependency */,
			);
			name = ChatAppTests;
			packageProductDependencies = (
			);
			productName = ChatAppTests;
			productReference = 60BC91122CAA7777000AEE0C /* ChatAppTests.xctest */;
			productType = "com.apple.product-type.bundle.unit-test";
		};
		60BC911B2CAA7777000AEE0C /* ChatAppUITests */ = {
			isa = PBXNativeTarget;
			buildConfigurationList = 60BC912D2CAA7777000AEE0C /* Build configuration list for PBXNativeTarget "ChatAppUITests" */;
			buildPhases = (
				60BC91182CAA7777000AEE0C /* Sources */,
				60BC91192CAA7777000AEE0C /* Frameworks */,
				60BC911A2CAA7777000AEE0C /* Resources */,
			);
			buildRules = (
			);
			dependencies = (
				60BC911E2CAA7777000AEE0C /* PBXTargetDependency */,
			);
			fileSystemSynchronizedGroups = (
				60BC914B2CAA793E000AEE0C /* Class */,
			);
			name = ChatAppUITests;
			packageProductDependencies = (
			);
			productName = ChatAppUITests;
			productReference = 60BC911C2CAA7777000AEE0C /* ChatAppUITests.xctest */;
			productType = "com.apple.product-type.bundle.ui-testing";
		};
		60BC91612CAA7DEC000AEE0C /* ChatViewModelTests */ = {
			isa = PBXNativeTarget;
			buildConfigurationList = 60BC91682CAA7DEC000AEE0C /* Build configuration list for PBXNativeTarget "ChatViewModelTests" */;
			buildPhases = (
				60BC915E2CAA7DEC000AEE0C /* Sources */,
				60BC915F2CAA7DEC000AEE0C /* Frameworks */,
				60BC91602CAA7DEC000AEE0C /* Resources */,
			);
			buildRules = (
			);
			dependencies = (
				60BC91672CAA7DEC000AEE0C /* PBXTargetDependency */,
			);
			name = ChatViewModelTests;
			packageProductDependencies = (
			);
			productName = ChatViewModelTests;
			productReference = 60BC91622CAA7DEC000AEE0C /* ChatViewModelTests.xctest */;
			productType = "com.apple.product-type.bundle.unit-test";
		};
/* End PBXNativeTarget section */

/* Begin PBXProject section */
		60BC90F12CAA7776000AEE0C /* Project object */ = {
			isa = PBXProject;
			attributes = {
				BuildIndependentTargetsInParallel = 1;
				LastSwiftUpdateCheck = 1600;
				LastUpgradeCheck = 1600;
				TargetAttributes = {
					60BC90F82CAA7776000AEE0C = {
						CreatedOnToolsVersion = 16.0;
					};
					60BC91112CAA7777000AEE0C = {
						CreatedOnToolsVersion = 16.0;
						TestTargetID = 60BC90F82CAA7776000AEE0C;
					};
					60BC911B2CAA7777000AEE0C = {
						CreatedOnToolsVersion = 16.0;
						TestTargetID = 60BC90F82CAA7776000AEE0C;
					};
					60BC91612CAA7DEC000AEE0C = {
						CreatedOnToolsVersion = 16.0;
						TestTargetID = 60BC90F82CAA7776000AEE0C;
					};
				};
			};
			buildConfigurationList = 60BC90F42CAA7776000AEE0C /* Build configuration list for PBXProject "ChatApp" */;
			developmentRegion = en;
			hasScannedForEncodings = 0;
			knownRegions = (
				en,
				Base,
			);
			mainGroup = 60BC90F02CAA7776000AEE0C;
			minimizedProjectReferenceProxies = 1;
			preferredProjectObjectVersion = 77;
			productRefGroup = 60BC90FA2CAA7776000AEE0C /* Products */;
			projectDirPath = "";
			projectRoot = "";
			targets = (
				60BC90F82CAA7776000AEE0C /* ChatApp */,
				60BC91112CAA7777000AEE0C /* ChatAppTests */,
				60BC911B2CAA7777000AEE0C /* ChatAppUITests */,
				60BC91612CAA7DEC000AEE0C /* ChatViewModelTests */,
			);
		};
/* End PBXProject section */

/* Begin PBXResourcesBuildPhase section */
		60BC90F72CAA7776000AEE0C /* Resources */ = {
			isa = PBXResourcesBuildPhase;
			buildActionMask = 2147483647;
			files = (
			);
			runOnlyForDeploymentPostprocessing = 0;
		};
		60BC91102CAA7777000AEE0C /* Resources */ = {
			isa = PBXResourcesBuildPhase;
			buildActionMask = 2147483647;
			files = (
			);
			runOnlyForDeploymentPostprocessing = 0;
		};
		60BC911A2CAA7777000AEE0C /* Resources */ = {
			isa = PBXResourcesBuildPhase;
			buildActionMask = 2147483647;
			files = (
			);
			runOnlyForDeploymentPostprocessing = 0;
		};
		60BC91602CAA7DEC000AEE0C /* Resources */ = {
			isa = PBXResourcesBuildPhase;
			buildActionMask = 2147483647;
			files = (
			);
			runOnlyForDeploymentPostprocessing = 0;
		};
/* End PBXResourcesBuildPhase section */

/* Begin PBXSourcesBuildPhase section */
		60BC90F52CAA7776000AEE0C /* Sources */ = {
			isa = PBXSourcesBuildPhase;
			buildActionMask = 2147483647;
			files = (
				60C74CC72CAAB5DB0035222D /* CoreDataModel.xcdatamodeld in Sources */,
			);
			runOnlyForDeploymentPostprocessing = 0;
		};
		60BC910E2CAA7777000AEE0C /* Sources */ = {
			isa = PBXSourcesBuildPhase;
			buildActionMask = 2147483647;
			files = (
			);
			runOnlyForDeploymentPostprocessing = 0;
		};
		60BC91182CAA7777000AEE0C /* Sources */ = {
			isa = PBXSourcesBuildPhase;
			buildActionMask = 2147483647;
			files = (
			);
			runOnlyForDeploymentPostprocessing = 0;
		};
		60BC915E2CAA7DEC000AEE0C /* Sources */ = {
			isa = PBXSourcesBuildPhase;
			buildActionMask = 2147483647;
			files = (
			);
			runOnlyForDeploymentPostprocessing = 0;
		};
/* End PBXSourcesBuildPhase section */

/* Begin PBXTargetDependency section */
		60BC91142CAA7777000AEE0C /* PBXTargetDependency */ = {
			isa = PBXTargetDependency;
			target = 60BC90F82CAA7776000AEE0C /* ChatApp */;
			targetProxy = 60BC91132CAA7777000AEE0C /* PBXContainerItemProxy */;
		};
		60BC911E2CAA7777000AEE0C /* PBXTargetDependency */ = {
			isa = PBXTargetDependency;
			target = 60BC90F82CAA7776000AEE0C /* ChatApp */;
			targetProxy = 60BC911D2CAA7777000AEE0C /* PBXContainerItemProxy */;
		};
		60BC91672CAA7DEC000AEE0C /* PBXTargetDependency */ = {
			isa = PBXTargetDependency;
			target = 60BC90F82CAA7776000AEE0C /* ChatApp */;
			targetProxy = 60BC91662CAA7DEC000AEE0C /* PBXContainerItemProxy */;
		};
/* End PBXTargetDependency section */

/* Begin XCBuildConfiguration section */
		60BC91262CAA7777000AEE0C /* Debug */ = {
			isa = XCBuildConfiguration;
			buildSettings = {
				ASSETCATALOG_COMPILER_APPICON_NAME = AppIcon;
				ASSETCATALOG_COMPILER_GLOBAL_ACCENT_COLOR_NAME = AccentColor;
				CODE_SIGN_STYLE = Automatic;
				CURRENT_PROJECT_VERSION = 1;
				GENERATE_INFOPLIST_FILE = YES;
				INFOPLIST_FILE = ChatApp/Info.plist;
				INFOPLIST_KEY_UIApplicationSupportsIndirectInputEvents = YES;
				INFOPLIST_KEY_UILaunchStoryboardName = LaunchScreen;
				INFOPLIST_KEY_UIMainStoryboardFile = Main;
				INFOPLIST_KEY_UISupportedInterfaceOrientations_iPad = "UIInterfaceOrientationPortrait UIInterfaceOrientationPortraitUpsideDown UIInterfaceOrientationLandscapeLeft UIInterfaceOrientationLandscapeRight";
				INFOPLIST_KEY_UISupportedInterfaceOrientations_iPhone = "UIInterfaceOrientationPortrait UIInterfaceOrientationLandscapeLeft UIInterfaceOrientationLandscapeRight";
				LD_RUNPATH_SEARCH_PATHS = (
					"$(inherited)",
					"@executable_path/Frameworks",
				);
				MARKETING_VERSION = 1.0;
				PRODUCT_BUNDLE_IDENTIFIER = Santhosh.ChatApp;
				PRODUCT_NAME = "$(TARGET_NAME)";
				SWIFT_EMIT_LOC_STRINGS = YES;
				SWIFT_VERSION = 5.0;
				TARGETED_DEVICE_FAMILY = "1,2";
			};
			name = Debug;
		};
		60BC91272CAA7777000AEE0C /* Release */ = {
			isa = XCBuildConfiguration;
			buildSettings = {
				ASSETCATALOG_COMPILER_APPICON_NAME = AppIcon;
				ASSETCATALOG_COMPILER_GLOBAL_ACCENT_COLOR_NAME = AccentColor;
				CODE_SIGN_STYLE = Automatic;
				CURRENT_PROJECT_VERSION = 1;
				GENERATE_INFOPLIST_FILE = YES;
				INFOPLIST_FILE = ChatApp/Info.plist;
				INFOPLIST_KEY_UIApplicationSupportsIndirectInputEvents = YES;
				INFOPLIST_KEY_UILaunchStoryboardName = LaunchScreen;
				INFOPLIST_KEY_UIMainStoryboardFile = Main;
				INFOPLIST_KEY_UISupportedInterfaceOrientations_iPad = "UIInterfaceOrientationPortrait UIInterfaceOrientationPortraitUpsideDown UIInterfaceOrientationLandscapeLeft UIInterfaceOrientationLandscapeRight";
				INFOPLIST_KEY_UISupportedInterfaceOrientations_iPhone = "UIInterfaceOrientationPortrait UIInterfaceOrientationLandscapeLeft UIInterfaceOrientationLandscapeRight";
				LD_RUNPATH_SEARCH_PATHS = (
					"$(inherited)",
					"@executable_path/Frameworks",
				);
				MARKETING_VERSION = 1.0;
				PRODUCT_BUNDLE_IDENTIFIER = Santhosh.ChatApp;
				PRODUCT_NAME = "$(TARGET_NAME)";
				SWIFT_EMIT_LOC_STRINGS = YES;
				SWIFT_VERSION = 5.0;
				TARGETED_DEVICE_FAMILY = "1,2";
			};
			name = Release;
		};
		60BC91282CAA7777000AEE0C /* Debug */ = {
			isa = XCBuildConfiguration;
			buildSettings = {
				ALWAYS_SEARCH_USER_PATHS = NO;
				ASSETCATALOG_COMPILER_GENERATE_SWIFT_ASSET_SYMBOL_EXTENSIONS = YES;
				CLANG_ANALYZER_NONNULL = YES;
				CLANG_ANALYZER_NUMBER_OBJECT_CONVERSION = YES_AGGRESSIVE;
				CLANG_CXX_LANGUAGE_STANDARD = "gnu++20";
				CLANG_ENABLE_MODULES = YES;
				CLANG_ENABLE_OBJC_ARC = YES;
				CLANG_ENABLE_OBJC_WEAK = YES;
				CLANG_WARN_BLOCK_CAPTURE_AUTORELEASING = YES;
				CLANG_WARN_BOOL_CONVERSION = YES;
				CLANG_WARN_COMMA = YES;
				CLANG_WARN_CONSTANT_CONVERSION = YES;
				CLANG_WARN_DEPRECATED_OBJC_IMPLEMENTATIONS = YES;
				CLANG_WARN_DIRECT_OBJC_ISA_USAGE = YES_ERROR;
				CLANG_WARN_DOCUMENTATION_COMMENTS = YES;
				CLANG_WARN_EMPTY_BODY = YES;
				CLANG_WARN_ENUM_CONVERSION = YES;
				CLANG_WARN_INFINITE_RECURSION = YES;
				CLANG_WARN_INT_CONVERSION = YES;
				CLANG_WARN_NON_LITERAL_NULL_CONVERSION = YES;
				CLANG_WARN_OBJC_IMPLICIT_RETAIN_SELF = YES;
				CLANG_WARN_OBJC_LITERAL_CONVERSION = YES;
				CLANG_WARN_OBJC_ROOT_CLASS = YES_ERROR;
				CLANG_WARN_QUOTED_INCLUDE_IN_FRAMEWORK_HEADER = YES;
				CLANG_WARN_RANGE_LOOP_ANALYSIS = YES;
				CLANG_WARN_STRICT_PROTOTYPES = YES;
				CLANG_WARN_SUSPICIOUS_MOVE = YES;
				CLANG_WARN_UNGUARDED_AVAILABILITY = YES_AGGRESSIVE;
				CLANG_WARN_UNREACHABLE_CODE = YES;
				CLANG_WARN__DUPLICATE_METHOD_MATCH = YES;
				COPY_PHASE_STRIP = NO;
				DEBUG_INFORMATION_FORMAT = dwarf;
				ENABLE_STRICT_OBJC_MSGSEND = YES;
				ENABLE_TESTABILITY = YES;
				ENABLE_USER_SCRIPT_SANDBOXING = YES;
				GCC_C_LANGUAGE_STANDARD = gnu17;
				GCC_DYNAMIC_NO_PIC = NO;
				GCC_NO_COMMON_BLOCKS = YES;
				GCC_OPTIMIZATION_LEVEL = 0;
				GCC_PREPROCESSOR_DEFINITIONS = (
					"DEBUG=1",
					"$(inherited)",
				);
				GCC_WARN_64_TO_32_BIT_CONVERSION = YES;
				GCC_WARN_ABOUT_RETURN_TYPE = YES_ERROR;
				GCC_WARN_UNDECLARED_SELECTOR = YES;
				GCC_WARN_UNINITIALIZED_AUTOS = YES_AGGRESSIVE;
				GCC_WARN_UNUSED_FUNCTION = YES;
				GCC_WARN_UNUSED_VARIABLE = YES;
				IPHONEOS_DEPLOYMENT_TARGET = 18.0;
				LOCALIZATION_PREFERS_STRING_CATALOGS = YES;
				MTL_ENABLE_DEBUG_INFO = INCLUDE_SOURCE;
				MTL_FAST_MATH = YES;
				ONLY_ACTIVE_ARCH = YES;
				SDKROOT = iphoneos;
				SWIFT_ACTIVE_COMPILATION_CONDITIONS = "DEBUG $(inherited)";
				SWIFT_OPTIMIZATION_LEVEL = "-Onone";
			};
			name = Debug;
		};
		60BC91292CAA7777000AEE0C /* Release */ = {
			isa = XCBuildConfiguration;
			buildSettings = {
				ALWAYS_SEARCH_USER_PATHS = NO;
				ASSETCATALOG_COMPILER_GENERATE_SWIFT_ASSET_SYMBOL_EXTENSIONS = YES;
				CLANG_ANALYZER_NONNULL = YES;
				CLANG_ANALYZER_NUMBER_OBJECT_CONVERSION = YES_AGGRESSIVE;
				CLANG_CXX_LANGUAGE_STANDARD = "gnu++20";
				CLANG_ENABLE_MODULES = YES;
				CLANG_ENABLE_OBJC_ARC = YES;
				CLANG_ENABLE_OBJC_WEAK = YES;
				CLANG_WARN_BLOCK_CAPTURE_AUTORELEASING = YES;
				CLANG_WARN_BOOL_CONVERSION = YES;
				CLANG_WARN_COMMA = YES;
				CLANG_WARN_CONSTANT_CONVERSION = YES;
				CLANG_WARN_DEPRECATED_OBJC_IMPLEMENTATIONS = YES;
				CLANG_WARN_DIRECT_OBJC_ISA_USAGE = YES_ERROR;
				CLANG_WARN_DOCUMENTATION_COMMENTS = YES;
				CLANG_WARN_EMPTY_BODY = YES;
				CLANG_WARN_ENUM_CONVERSION = YES;
				CLANG_WARN_INFINITE_RECURSION = YES;
				CLANG_WARN_INT_CONVERSION = YES;
				CLANG_WARN_NON_LITERAL_NULL_CONVERSION = YES;
				CLANG_WARN_OBJC_IMPLICIT_RETAIN_SELF = YES;
				CLANG_WARN_OBJC_LITERAL_CONVERSION = YES;
				CLANG_WARN_OBJC_ROOT_CLASS = YES_ERROR;
				CLANG_WARN_QUOTED_INCLUDE_IN_FRAMEWORK_HEADER = YES;
				CLANG_WARN_RANGE_LOOP_ANALYSIS = YES;
				CLANG_WARN_STRICT_PROTOTYPES = YES;
				CLANG_WARN_SUSPICIOUS_MOVE = YES;
				CLANG_WARN_UNGUARDED_AVAILABILITY = YES_AGGRESSIVE;
				CLANG_WARN_UNREACHABLE_CODE = YES;
				CLANG_WARN__DUPLICATE_METHOD_MATCH = YES;
				COPY_PHASE_STRIP = NO;
				DEBUG_INFORMATION_FORMAT = "dwarf-with-dsym";
				ENABLE_NS_ASSERTIONS = NO;
				ENABLE_STRICT_OBJC_MSGSEND = YES;
				ENABLE_USER_SCRIPT_SANDBOXING = YES;
				GCC_C_LANGUAGE_STANDARD = gnu17;
				GCC_NO_COMMON_BLOCKS = YES;
				GCC_WARN_64_TO_32_BIT_CONVERSION = YES;
				GCC_WARN_ABOUT_RETURN_TYPE = YES_ERROR;
				GCC_WARN_UNDECLARED_SELECTOR = YES;
				GCC_WARN_UNINITIALIZED_AUTOS = YES_AGGRESSIVE;
				GCC_WARN_UNUSED_FUNCTION = YES;
				GCC_WARN_UNUSED_VARIABLE = YES;
				IPHONEOS_DEPLOYMENT_TARGET = 18.0;
				LOCALIZATION_PREFERS_STRING_CATALOGS = YES;
				MTL_ENABLE_DEBUG_INFO = NO;
				MTL_FAST_MATH = YES;
				SDKROOT = iphoneos;
				SWIFT_COMPILATION_MODE = wholemodule;
				VALIDATE_PRODUCT = YES;
			};
			name = Release;
		};
		60BC912B2CAA7777000AEE0C /* Debug */ = {
			isa = XCBuildConfiguration;
			buildSettings = {
				BUNDLE_LOADER = "$(TEST_HOST)";
				CODE_SIGN_STYLE = Automatic;
				CURRENT_PROJECT_VERSION = 1;
				GENERATE_INFOPLIST_FILE = YES;
				IPHONEOS_DEPLOYMENT_TARGET = 18.0;
				MARKETING_VERSION = 1.0;
				PRODUCT_BUNDLE_IDENTIFIER = Santhosh.ChatAppTests;
				PRODUCT_NAME = "$(TARGET_NAME)";
				SWIFT_EMIT_LOC_STRINGS = NO;
				SWIFT_VERSION = 5.0;
				TARGETED_DEVICE_FAMILY = "1,2";
				TEST_HOST = "$(BUILT_PRODUCTS_DIR)/ChatApp.app/$(BUNDLE_EXECUTABLE_FOLDER_PATH)/ChatApp";
			};
			name = Debug;
		};
		60BC912C2CAA7777000AEE0C /* Release */ = {
			isa = XCBuildConfiguration;
			buildSettings = {
				BUNDLE_LOADER = "$(TEST_HOST)";
				CODE_SIGN_STYLE = Automatic;
				CURRENT_PROJECT_VERSION = 1;
				GENERATE_INFOPLIST_FILE = YES;
				IPHONEOS_DEPLOYMENT_TARGET = 18.0;
				MARKETING_VERSION = 1.0;
				PRODUCT_BUNDLE_IDENTIFIER = Santhosh.ChatAppTests;
				PRODUCT_NAME = "$(TARGET_NAME)";
				SWIFT_EMIT_LOC_STRINGS = NO;
				SWIFT_VERSION = 5.0;
				TARGETED_DEVICE_FAMILY = "1,2";
				TEST_HOST = "$(BUILT_PRODUCTS_DIR)/ChatApp.app/$(BUNDLE_EXECUTABLE_FOLDER_PATH)/ChatApp";
			};
			name = Release;
		};
		60BC912E2CAA7777000AEE0C /* Debug */ = {
			isa = XCBuildConfiguration;
			buildSettings = {
				CODE_SIGN_STYLE = Automatic;
				CURRENT_PROJECT_VERSION = 1;
				GENERATE_INFOPLIST_FILE = YES;
				MARKETING_VERSION = 1.0;
				PRODUCT_BUNDLE_IDENTIFIER = Santhosh.ChatAppUITests;
				PRODUCT_NAME = "$(TARGET_NAME)";
				SWIFT_EMIT_LOC_STRINGS = NO;
				SWIFT_VERSION = 5.0;
				TARGETED_DEVICE_FAMILY = "1,2";
				TEST_TARGET_NAME = ChatApp;
			};
			name = Debug;
		};
		60BC912F2CAA7777000AEE0C /* Release */ = {
			isa = XCBuildConfiguration;
			buildSettings = {
				CODE_SIGN_STYLE = Automatic;
				CURRENT_PROJECT_VERSION = 1;
				GENERATE_INFOPLIST_FILE = YES;
				MARKETING_VERSION = 1.0;
				PRODUCT_BUNDLE_IDENTIFIER = Santhosh.ChatAppUITests;
				PRODUCT_NAME = "$(TARGET_NAME)";
				SWIFT_EMIT_LOC_STRINGS = NO;
				SWIFT_VERSION = 5.0;
				TARGETED_DEVICE_FAMILY = "1,2";
				TEST_TARGET_NAME = ChatApp;
			};
			name = Release;
		};
		60BC91692CAA7DEC000AEE0C /* Debug */ = {
			isa = XCBuildConfiguration;
			buildSettings = {
				BUNDLE_LOADER = "$(TEST_HOST)";
				CODE_SIGN_STYLE = Automatic;
				CURRENT_PROJECT_VERSION = 1;
				GENERATE_INFOPLIST_FILE = YES;
				MARKETING_VERSION = 1.0;
				PRODUCT_BUNDLE_IDENTIFIER = Santhosh.ChatViewModelTests;
				PRODUCT_NAME = "$(TARGET_NAME)";
				SWIFT_EMIT_LOC_STRINGS = NO;
				SWIFT_VERSION = 5.0;
				TARGETED_DEVICE_FAMILY = "1,2";
				TEST_HOST = "$(BUILT_PRODUCTS_DIR)/ChatApp.app/$(BUNDLE_EXECUTABLE_FOLDER_PATH)/ChatApp";
			};
			name = Debug;
		};
		60BC916A2CAA7DEC000AEE0C /* Release */ = {
			isa = XCBuildConfiguration;
			buildSettings = {
				BUNDLE_LOADER = "$(TEST_HOST)";
				CODE_SIGN_STYLE = Automatic;
				CURRENT_PROJECT_VERSION = 1;
				GENERATE_INFOPLIST_FILE = YES;
				MARKETING_VERSION = 1.0;
				PRODUCT_BUNDLE_IDENTIFIER = Santhosh.ChatViewModelTests;
				PRODUCT_NAME = "$(TARGET_NAME)";
				SWIFT_EMIT_LOC_STRINGS = NO;
				SWIFT_VERSION = 5.0;
				TARGETED_DEVICE_FAMILY = "1,2";
				TEST_HOST = "$(BUILT_PRODUCTS_DIR)/ChatApp.app/$(BUNDLE_EXECUTABLE_FOLDER_PATH)/ChatApp";
			};
			name = Release;
		};
/* End XCBuildConfiguration section */

/* Begin XCConfigurationList section */
		60BC90F42CAA7776000AEE0C /* Build configuration list for PBXProject "ChatApp" */ = {
			isa = XCConfigurationList;
			buildConfigurations = (
				60BC91282CAA7777000AEE0C /* Debug */,
				60BC91292CAA7777000AEE0C /* Release */,
			);
			defaultConfigurationIsVisible = 0;
			defaultConfigurationName = Release;
		};
		60BC91252CAA7777000AEE0C /* Build configuration list for PBXNativeTarget "ChatApp" */ = {
			isa = XCConfigurationList;
			buildConfigurations = (
				60BC91262CAA7777000AEE0C /* Debug */,
				60BC91272CAA7777000AEE0C /* Release */,
			);
			defaultConfigurationIsVisible = 0;
			defaultConfigurationName = Release;
		};
		60BC912A2CAA7777000AEE0C /* Build configuration list for PBXNativeTarget "ChatAppTests" */ = {
			isa = XCConfigurationList;
			buildConfigurations = (
				60BC912B2CAA7777000AEE0C /* Debug */,
				60BC912C2CAA7777000AEE0C /* Release */,
			);
			defaultConfigurationIsVisible = 0;
			defaultConfigurationName = Release;
		};
		60BC912D2CAA7777000AEE0C /* Build configuration list for PBXNativeTarget "ChatAppUITests" */ = {
			isa = XCConfigurationList;
			buildConfigurations = (
				60BC912E2CAA7777000AEE0C /* Debug */,
				60BC912F2CAA7777000AEE0C /* Release */,
			);
			defaultConfigurationIsVisible = 0;
			defaultConfigurationName = Release;
		};
		60BC91682CAA7DEC000AEE0C /* Build configuration list for PBXNativeTarget "ChatViewModelTests" */ = {
			isa = XCConfigurationList;
			buildConfigurations = (
				60BC91692CAA7DEC000AEE0C /* Debug */,
				60BC916A2CAA7DEC000AEE0C /* Release */,
			);
			defaultConfigurationIsVisible = 0;
			defaultConfigurationName = Release;
		};
/* End XCConfigurationList section */

/* Begin XCVersionGroup section */
		60C74CC52CAAB5DB0035222D /* CoreDataModel.xcdatamodeld */ = {
			isa = XCVersionGroup;
			children = (
				60C74CC62CAAB5DB0035222D /* CoreDataModel.xcdatamodel */,
			);
			currentVersion = 60C74CC62CAAB5DB0035222D /* CoreDataModel.xcdatamodel */;
			path = CoreDataModel.xcdatamodeld;
			sourceTree = "<group>";
			versionGroupType = wrapper.xcdatamodel;
		};
/* End XCVersionGroup section */
	};
	rootObject = 60BC90F12CAA7776000AEE0C /* Project object */;
}
